
Microsoft Visual Studio Solution File, Format Version 12.00
# Visual Studio 14
VisualStudioVersion = 14.0.23107.0
MinimumVisualStudioVersion = 10.0.40219.1
Project("{2150E333-8FDC-42A3-9474-1A3956D46DE8}") = "src", "src", "{E3FB02C0-C06B-471D-857A-659BFD944914}"
EndProject
Project("{2150E333-8FDC-42A3-9474-1A3956D46DE8}") = "Solution Items", "Solution Items", "{2194D13E-0683-4A58-B944-531DAB32EF6E}"
	ProjectSection(SolutionItems) = preProject
		global.json = global.json
	EndProjectSection
EndProject
Project("{8BB2217D-0F2D-49D1-97BC-3654ED321F3B}") = "AngularJS101", "src\AngularJS101\AngularJS101.xproj", "{2D9D97A4-6ED2-46BC-A3F4-412DBAC5B6F6}"
EndProject
Global
	GlobalSection(SolutionConfigurationPlatforms) = preSolution
		Debug|Any CPU = Debug|Any CPU
		Release|Any CPU = Release|Any CPU
	EndGlobalSection
	GlobalSection(ProjectConfigurationPlatforms) = postSolution
		{2D9D97A4-6ED2-46BC-A3F4-412DBAC5B6F6}.Debug|Any CPU.ActiveCfg = Debug|Any CPU
		{2D9D97A4-6ED2-46BC-A3F4-412DBAC5B6F6}.Debug|Any CPU.Build.0 = Debug|Any CPU
		{2D9D97A4-6ED2-46BC-A3F4-412DBAC5B6F6}.Release|Any CPU.ActiveCfg = Release|Any CPU
		{2D9D97A4-6ED2-46BC-A3F4-412DBAC5B6F6}.Release|Any CPU.Build.0 = Release|Any CPU
	EndGlobalSection
	GlobalSection(SolutionProperties) = preSolution
		HideSolutionNode = FALSE
	EndGlobalSection
	GlobalSection(NestedProjects) = preSolution
		{2D9D97A4-6ED2-46BC-A3F4-412DBAC5B6F6} = {E3FB02C0-C06B-471D-857A-659BFD944914}
	EndGlobalSection
EndGlobal
